
Microsoft Visual Studio Solution File, Format Version 12.00
# Visual Studio 14
VisualStudioVersion = 14.0.23107.0
MinimumVisualStudioVersion = 10.0.40219.1
Project("{8BC9CEB8-8B4A-11D0-8D11-00A0C91BC942}") = "In-Class Project 2", "In-Class Project 2\In-Class Project 2.vcxproj", "{A3EA798E-DCC3-4896-B39D-0AB5AB9FCA89}"
EndProject
Project("{8BC9CEB8-8B4A-11D0-8D11-00A0C91BC942}") = "In-Class Project 3", "In-Class Project 3\In-Class Project 3.vcxproj", "{9D734BAA-C245-464A-8732-44C02210F3CA}"
EndProject
Project("{8BC9CEB8-8B4A-11D0-8D11-00A0C91BC942}") = "In-Class Project 4", "In-Class Project 4\InClass Project 4.vcxproj", "{49EB1F72-11FE-4F1F-A47D-A4A9392CC6C3}"
EndProject
Project("{8BC9CEB8-8B4A-11D0-8D11-00A0C91BC942}") = "In-Class Project 1", "In-Class Project 1\In-Class Project 1.vcxproj", "{9BD3C878-6C7A-4513-BAD7-57F85C080CD4}"
EndProject
Project("{8BC9CEB8-8B4A-11D0-8D11-00A0C91BC942}") = "In-Class Project 5", "In-Class Project 5\In-Class Project 5.vcxproj", "{C8C6F5AF-086C-41B7-90DE-81119338BC3A}"
EndProject
Project("{8BC9CEB8-8B4A-11D0-8D11-00A0C91BC942}") = "In-Class Project 6", "In-Class Project 6\In-Class Project 6.vcxproj", "{680C8B02-0AC6-4F40-8C08-88FF70C6D734}"
EndProject
Project("{8BC9CEB8-8B4A-11D0-8D11-00A0C91BC942}") = "In-Class Project 7", "In-Class Project 7\In-Class Project 7.vcxproj", "{C892D0F0-E0C4-4CE1-A618-F76EC7A64FA6}"
EndProject
Project("{8BC9CEB8-8B4A-11D0-8D11-00A0C91BC942}") = "In-Class Project 8", "In-Class Project 8\In-Class Project 8.vcxproj", "{72CF74DF-C4D3-4ABE-849E-7E620AF1B69D}"
EndProject
Global
	GlobalSection(SolutionConfigurationPlatforms) = preSolution
		Debug|Any CPU = Debug|Any CPU
		Debug|Mixed Platforms = Debug|Mixed Platforms
		Debug|Win32 = Debug|Win32
		Debug|x64 = Debug|x64
		Debug|x86 = Debug|x86
		Release|Any CPU = Release|Any CPU
		Release|Mixed Platforms = Release|Mixed Platforms
		Release|Win32 = Release|Win32
		Release|x64 = Release|x64
		Release|x86 = Release|x86
	EndGlobalSection
	GlobalSection(ProjectConfigurationPlatforms) = postSolution
		{A3EA798E-DCC3-4896-B39D-0AB5AB9FCA89}.Debug|Any CPU.ActiveCfg = Debug|Win32
		{A3EA798E-DCC3-4896-B39D-0AB5AB9FCA89}.Debug|Mixed Platforms.ActiveCfg = Debug|Win32
		{A3EA798E-DCC3-4896-B39D-0AB5AB9FCA89}.Debug|Win32.ActiveCfg = Debug|Win32
		{A3EA798E-DCC3-4896-B39D-0AB5AB9FCA89}.Debug|Win32.Build.0 = Debug|Win32
		{A3EA798E-DCC3-4896-B39D-0AB5AB9FCA89}.Debug|x64.ActiveCfg = Debug|Win32
		{A3EA798E-DCC3-4896-B39D-0AB5AB9FCA89}.Debug|x86.ActiveCfg = Debug|Win32
		{A3EA798E-DCC3-4896-B39D-0AB5AB9FCA89}.Debug|x86.Build.0 = Debug|Win32
		{A3EA798E-DCC3-4896-B39D-0AB5AB9FCA89}.Release|Any CPU.ActiveCfg = Release|Win32
		{A3EA798E-DCC3-4896-B39D-0AB5AB9FCA89}.Release|Mixed Platforms.ActiveCfg = Release|Win32
		{A3EA798E-DCC3-4896-B39D-0AB5AB9FCA89}.Release|Mixed Platforms.Build.0 = Release|Win32
		{A3EA798E-DCC3-4896-B39D-0AB5AB9FCA89}.Release|Win32.ActiveCfg = Release|Win32
		{A3EA798E-DCC3-4896-B39D-0AB5AB9FCA89}.Release|Win32.Build.0 = Release|Win32
		{A3EA798E-DCC3-4896-B39D-0AB5AB9FCA89}.Release|x64.ActiveCfg = Release|Win32
		{A3EA798E-DCC3-4896-B39D-0AB5AB9FCA89}.Release|x86.ActiveCfg = Release|Win32
		{A3EA798E-DCC3-4896-B39D-0AB5AB9FCA89}.Release|x86.Build.0 = Release|Win32
		{9D734BAA-C245-464A-8732-44C02210F3CA}.Debug|Any CPU.ActiveCfg = Debug|Win32
		{9D734BAA-C245-464A-8732-44C02210F3CA}.Debug|Mixed Platforms.ActiveCfg = Debug|Win32
		{9D734BAA-C245-464A-8732-44C02210F3CA}.Debug|Win32.ActiveCfg = Debug|Win32
		{9D734BAA-C245-464A-8732-44C02210F3CA}.Debug|Win32.Build.0 = Debug|Win32
		{9D734BAA-C245-464A-8732-44C02210F3CA}.Debug|x64.ActiveCfg = Debug|Win32
		{9D734BAA-C245-464A-8732-44C02210F3CA}.Debug|x86.ActiveCfg = Debug|Win32
		{9D734BAA-C245-464A-8732-44C02210F3CA}.Debug|x86.Build.0 = Debug|Win32
		{9D734BAA-C245-464A-8732-44C02210F3CA}.Release|Any CPU.ActiveCfg = Release|Win32
		{9D734BAA-C245-464A-8732-44C02210F3CA}.Release|Mixed Platforms.ActiveCfg = Release|Win32
		{9D734BAA-C245-464A-8732-44C02210F3CA}.Release|Mixed Platforms.Build.0 = Release|Win32
		{9D734BAA-C245-464A-8732-44C02210F3CA}.Release|Win32.ActiveCfg = Release|Win32
		{9D734BAA-C245-464A-8732-44C02210F3CA}.Release|Win32.Build.0 = Release|Win32
		{9D734BAA-C245-464A-8732-44C02210F3CA}.Release|x64.ActiveCfg = Release|Win32
		{9D734BAA-C245-464A-8732-44C02210F3CA}.Release|x86.ActiveCfg = Release|Win32
		{9D734BAA-C245-464A-8732-44C02210F3CA}.Release|x86.Build.0 = Release|Win32
		{49EB1F72-11FE-4F1F-A47D-A4A9392CC6C3}.Debug|Any CPU.ActiveCfg = Debug|Win32
		{49EB1F72-11FE-4F1F-A47D-A4A9392CC6C3}.Debug|Mixed Platforms.ActiveCfg = Debug|Win32
		{49EB1F72-11FE-4F1F-A47D-A4A9392CC6C3}.Debug|Win32.ActiveCfg = Debug|Win32
		{49EB1F72-11FE-4F1F-A47D-A4A9392CC6C3}.Debug|Win32.Build.0 = Debug|Win32
		{49EB1F72-11FE-4F1F-A47D-A4A9392CC6C3}.Debug|x64.ActiveCfg = Debug|x64
		{49EB1F72-11FE-4F1F-A47D-A4A9392CC6C3}.Debug|x64.Build.0 = Debug|x64
		{49EB1F72-11FE-4F1F-A47D-A4A9392CC6C3}.Debug|x86.ActiveCfg = Debug|Win32
		{49EB1F72-11FE-4F1F-A47D-A4A9392CC6C3}.Debug|x86.Build.0 = Debug|Win32
		{49EB1F72-11FE-4F1F-A47D-A4A9392CC6C3}.Release|Any CPU.ActiveCfg = Release|Win32
		{49EB1F72-11FE-4F1F-A47D-A4A9392CC6C3}.Release|Mixed Platforms.ActiveCfg = Release|Win32
		{49EB1F72-11FE-4F1F-A47D-A4A9392CC6C3}.Release|Mixed Platforms.Build.0 = Release|Win32
		{49EB1F72-11FE-4F1F-A47D-A4A9392CC6C3}.Release|Win32.ActiveCfg = Release|Win32
		{49EB1F72-11FE-4F1F-A47D-A4A9392CC6C3}.Release|Win32.Build.0 = Release|Win32
		{49EB1F72-11FE-4F1F-A47D-A4A9392CC6C3}.Release|x64.ActiveCfg = Release|x64
		{49EB1F72-11FE-4F1F-A47D-A4A9392CC6C3}.Release|x64.Build.0 = Release|x64
		{49EB1F72-11FE-4F1F-A47D-A4A9392CC6C3}.Release|x86.ActiveCfg = Release|Win32
		{49EB1F72-11FE-4F1F-A47D-A4A9392CC6C3}.Release|x86.Build.0 = Release|Win32
		{9BD3C878-6C7A-4513-BAD7-57F85C080CD4}.Debug|Any CPU.ActiveCfg = Debug|Win32
		{9BD3C878-6C7A-4513-BAD7-57F85C080CD4}.Debug|Mixed Platforms.ActiveCfg = Debug|Win32
		{9BD3C878-6C7A-4513-BAD7-57F85C080CD4}.Debug|Win32.ActiveCfg = Debug|Win32
		{9BD3C878-6C7A-4513-BAD7-57F85C080CD4}.Debug|Win32.Build.0 = Debug|Win32
		{9BD3C878-6C7A-4513-BAD7-57F85C080CD4}.Debug|x64.ActiveCfg = Debug|x64
		{9BD3C878-6C7A-4513-BAD7-57F85C080CD4}.Debug|x64.Build.0 = Debug|x64
		{9BD3C878-6C7A-4513-BAD7-57F85C080CD4}.Debug|x86.ActiveCfg = Debug|Win32
		{9BD3C878-6C7A-4513-BAD7-57F85C080CD4}.Debug|x86.Build.0 = Debug|Win32
		{9BD3C878-6C7A-4513-BAD7-57F85C080CD4}.Release|Any CPU.ActiveCfg = Release|Win32
		{9BD3C878-6C7A-4513-BAD7-57F85C080CD4}.Release|Mixed Platforms.ActiveCfg = Release|Win32
		{9BD3C878-6C7A-4513-BAD7-57F85C080CD4}.Release|Mixed Platforms.Build.0 = Release|Win32
		{9BD3C878-6C7A-4513-BAD7-57F85C080CD4}.Release|Win32.ActiveCfg = Release|Win32
		{9BD3C878-6C7A-4513-BAD7-57F85C080CD4}.Release|Win32.Build.0 = Release|Win32
		{9BD3C878-6C7A-4513-BAD7-57F85C080CD4}.Release|x64.ActiveCfg = Release|x64
		{9BD3C878-6C7A-4513-BAD7-57F85C080CD4}.Release|x64.Build.0 = Release|x64
		{9BD3C878-6C7A-4513-BAD7-57F85C080CD4}.Release|x86.ActiveCfg = Release|Win32
		{9BD3C878-6C7A-4513-BAD7-57F85C080CD4}.Release|x86.Build.0 = Release|Win32
		{C8C6F5AF-086C-41B7-90DE-81119338BC3A}.Debug|Any CPU.ActiveCfg = Debug|Win32
		{C8C6F5AF-086C-41B7-90DE-81119338BC3A}.Debug|Mixed Platforms.ActiveCfg = Debug|Win32
		{C8C6F5AF-086C-41B7-90DE-81119338BC3A}.Debug|Win32.ActiveCfg = Debug|Win32
		{C8C6F5AF-086C-41B7-90DE-81119338BC3A}.Debug|Win32.Build.0 = Debug|Win32
		{C8C6F5AF-086C-41B7-90DE-81119338BC3A}.Debug|x64.ActiveCfg = Debug|x64
		{C8C6F5AF-086C-41B7-90DE-81119338BC3A}.Debug|x64.Build.0 = Debug|x64
		{C8C6F5AF-086C-41B7-90DE-81119338BC3A}.Debug|x86.ActiveCfg = Debug|Win32
		{C8C6F5AF-086C-41B7-90DE-81119338BC3A}.Debug|x86.Build.0 = Debug|Win32
		{C8C6F5AF-086C-41B7-90DE-81119338BC3A}.Release|Any CPU.ActiveCfg = Release|Win32
		{C8C6F5AF-086C-41B7-90DE-81119338BC3A}.Release|Mixed Platforms.ActiveCfg = Release|Win32
		{C8C6F5AF-086C-41B7-90DE-81119338BC3A}.Release|Mixed Platforms.Build.0 = Release|Win32
		{C8C6F5AF-086C-41B7-90DE-81119338BC3A}.Release|Win32.ActiveCfg = Release|Win32
		{C8C6F5AF-086C-41B7-90DE-81119338BC3A}.Release|Win32.Build.0 = Release|Win32
		{C8C6F5AF-086C-41B7-90DE-81119338BC3A}.Release|x64.ActiveCfg = Release|x64
		{C8C6F5AF-086C-41B7-90DE-81119338BC3A}.Release|x64.Build.0 = Release|x64
		{C8C6F5AF-086C-41B7-90DE-81119338BC3A}.Release|x86.ActiveCfg = Release|Win32
		{C8C6F5AF-086C-41B7-90DE-81119338BC3A}.Release|x86.Build.0 = Release|Win32
		{680C8B02-0AC6-4F40-8C08-88FF70C6D734}.Debug|Any CPU.ActiveCfg = Debug|Win32
		{680C8B02-0AC6-4F40-8C08-88FF70C6D734}.Debug|Mixed Platforms.ActiveCfg = Debug|Win32
		{680C8B02-0AC6-4F40-8C08-88FF70C6D734}.Debug|Mixed Platforms.Build.0 = Debug|Win32
		{680C8B02-0AC6-4F40-8C08-88FF70C6D734}.Debug|Win32.ActiveCfg = Debug|Win32
		{680C8B02-0AC6-4F40-8C08-88FF70C6D734}.Debug|Win32.Build.0 = Debug|Win32
		{680C8B02-0AC6-4F40-8C08-88FF70C6D734}.Debug|x64.ActiveCfg = Debug|x64
		{680C8B02-0AC6-4F40-8C08-88FF70C6D734}.Debug|x64.Build.0 = Debug|x64
		{680C8B02-0AC6-4F40-8C08-88FF70C6D734}.Debug|x86.ActiveCfg = Debug|Win32
		{680C8B02-0AC6-4F40-8C08-88FF70C6D734}.Debug|x86.Build.0 = Debug|Win32
		{680C8B02-0AC6-4F40-8C08-88FF70C6D734}.Release|Any CPU.ActiveCfg = Release|Win32
		{680C8B02-0AC6-4F40-8C08-88FF70C6D734}.Release|Mixed Platforms.ActiveCfg = Release|Win32
		{680C8B02-0AC6-4F40-8C08-88FF70C6D734}.Release|Mixed Platforms.Build.0 = Release|Win32
		{680C8B02-0AC6-4F40-8C08-88FF70C6D734}.Release|Win32.ActiveCfg = Release|Win32
		{680C8B02-0AC6-4F40-8C08-88FF70C6D734}.Release|Win32.Build.0 = Release|Win32
		{680C8B02-0AC6-4F40-8C08-88FF70C6D734}.Release|x64.ActiveCfg = Release|x64
		{680C8B02-0AC6-4F40-8C08-88FF70C6D734}.Release|x64.Build.0 = Release|x64
		{680C8B02-0AC6-4F40-8C08-88FF70C6D734}.Release|x86.ActiveCfg = Release|Win32
		{680C8B02-0AC6-4F40-8C08-88FF70C6D734}.Release|x86.Build.0 = Release|Win32
		{C892D0F0-E0C4-4CE1-A618-F76EC7A64FA6}.Debug|Any CPU.ActiveCfg = Debug|Win32
		{C892D0F0-E0C4-4CE1-A618-F76EC7A64FA6}.Debug|Mixed Platforms.ActiveCfg = Debug|Win32
		{C892D0F0-E0C4-4CE1-A618-F76EC7A64FA6}.Debug|Mixed Platforms.Build.0 = Debug|Win32
		{C892D0F0-E0C4-4CE1-A618-F76EC7A64FA6}.Debug|Win32.ActiveCfg = Debug|Win32
		{C892D0F0-E0C4-4CE1-A618-F76EC7A64FA6}.Debug|Win32.Build.0 = Debug|Win32
		{C892D0F0-E0C4-4CE1-A618-F76EC7A64FA6}.Debug|x64.ActiveCfg = Debug|x64
		{C892D0F0-E0C4-4CE1-A618-F76EC7A64FA6}.Debug|x64.Build.0 = Debug|x64
		{C892D0F0-E0C4-4CE1-A618-F76EC7A64FA6}.Debug|x86.ActiveCfg = Debug|Win32
		{C892D0F0-E0C4-4CE1-A618-F76EC7A64FA6}.Debug|x86.Build.0 = Debug|Win32
		{C892D0F0-E0C4-4CE1-A618-F76EC7A64FA6}.Release|Any CPU.ActiveCfg = Release|Win32
		{C892D0F0-E0C4-4CE1-A618-F76EC7A64FA6}.Release|Mixed Platforms.ActiveCfg = Release|Win32
		{C892D0F0-E0C4-4CE1-A618-F76EC7A64FA6}.Release|Mixed Platforms.Build.0 = Release|Win32
		{C892D0F0-E0C4-4CE1-A618-F76EC7A64FA6}.Release|Win32.ActiveCfg = Release|Win32
		{C892D0F0-E0C4-4CE1-A618-F76EC7A64FA6}.Release|Win32.Build.0 = Release|Win32
		{C892D0F0-E0C4-4CE1-A618-F76EC7A64FA6}.Release|x64.ActiveCfg = Release|x64
		{C892D0F0-E0C4-4CE1-A618-F76EC7A64FA6}.Release|x64.Build.0 = Release|x64
		{C892D0F0-E0C4-4CE1-A618-F76EC7A64FA6}.Release|x86.ActiveCfg = Release|Win32
		{C892D0F0-E0C4-4CE1-A618-F76EC7A64FA6}.Release|x86.Build.0 = Release|Win32
		{72CF74DF-C4D3-4ABE-849E-7E620AF1B69D}.Debug|Any CPU.ActiveCfg = Debug|Win32
		{72CF74DF-C4D3-4ABE-849E-7E620AF1B69D}.Debug|Mixed Platforms.ActiveCfg = Debug|Win32
		{72CF74DF-C4D3-4ABE-849E-7E620AF1B69D}.Debug|Mixed Platforms.Build.0 = Debug|Win32
		{72CF74DF-C4D3-4ABE-849E-7E620AF1B69D}.Debug|Win32.ActiveCfg = Debug|Win32
		{72CF74DF-C4D3-4ABE-849E-7E620AF1B69D}.Debug|Win32.Build.0 = Debug|Win32
		{72CF74DF-C4D3-4ABE-849E-7E620AF1B69D}.Debug|x64.ActiveCfg = Debug|x64
		{72CF74DF-C4D3-4ABE-849E-7E620AF1B69D}.Debug|x64.Build.0 = Debug|x64
		{72CF74DF-C4D3-4ABE-849E-7E620AF1B69D}.Debug|x86.ActiveCfg = Debug|Win32
		{72CF74DF-C4D3-4ABE-849E-7E620AF1B69D}.Debug|x86.Build.0 = Debug|Win32
		{72CF74DF-C4D3-4ABE-849E-7E620AF1B69D}.Release|Any CPU.ActiveCfg = Release|Win32
		{72CF74DF-C4D3-4ABE-849E-7E620AF1B69D}.Release|Mixed Platforms.ActiveCfg = Release|Win32
		{72CF74DF-C4D3-4ABE-849E-7E620AF1B69D}.Release|Mixed Platforms.Build.0 = Release|Win32
		{72CF74DF-C4D3-4ABE-849E-7E620AF1B69D}.Release|Win32.ActiveCfg = Release|Win32
		{72CF74DF-C4D3-4ABE-849E-7E620AF1B69D}.Release|Win32.Build.0 = Release|Win32
		{72CF74DF-C4D3-4ABE-849E-7E620AF1B69D}.Release|x64.ActiveCfg = Release|x64
		{72CF74DF-C4D3-4ABE-849E-7E620AF1B69D}.Release|x64.Build.0 = Release|x64
		{72CF74DF-C4D3-4ABE-849E-7E620AF1B69D}.Release|x86.ActiveCfg = Release|Win32
		{72CF74DF-C4D3-4ABE-849E-7E620AF1B69D}.Release|x86.Build.0 = Release|Win32
	EndGlobalSection
	GlobalSection(SolutionProperties) = preSolution
		HideSolutionNode = FALSE
	EndGlobalSection
	GlobalSection(TeamFoundationVersionControl) = preSolution
		SccNumberOfProjects = 9
		SccEnterpriseProvider = {4CA58AB2-18FA-4F8D-95D4-32DDF27D184C}
		SccTeamFoundationServer = https://ipiskulic.visualstudio.com/defaultcollection
		SccLocalPath0 = .
		SccProjectUniqueName1 = In-Class\u0020Project\u00202\\In-Class\u0020Project\u00202.vcxproj
		SccProjectName1 = In-Class\u0020Project\u00202
		SccLocalPath1 = In-Class\u0020Project\u00202
		SccProjectUniqueName2 = In-Class\u0020Project\u00203\\In-Class\u0020Project\u00203.vcxproj
		SccProjectName2 = In-Class\u0020Project\u00203
		SccLocalPath2 = In-Class\u0020Project\u00203
		SccProjectUniqueName3 = In-Class\u0020Project\u00204\\InClass\u0020Project\u00204.vcxproj
		SccProjectName3 = In-Class\u0020Project\u00204
		SccLocalPath3 = In-Class\u0020Project\u00204
		SccProjectUniqueName4 = In-Class\u0020Project\u00201\\In-Class\u0020Project\u00201.vcxproj
		SccProjectName4 = In-Class\u0020Project\u00201
		SccLocalPath4 = In-Class\u0020Project\u00201
		SccProjectUniqueName5 = In-Class\u0020Project\u00205\\In-Class\u0020Project\u00205.vcxproj
		SccProjectName5 = In-Class\u0020Project\u00205
		SccLocalPath5 = In-Class\u0020Project\u00205
		SccProjectUniqueName6 = In-Class\u0020Project\u00206\\In-Class\u0020Project\u00206.vcxproj
		SccProjectName6 = In-Class\u0020Project\u00206
		SccLocalPath6 = In-Class\u0020Project\u00206
		SccProjectUniqueName7 = In-Class\u0020Project\u00207\\In-Class\u0020Project\u00207.vcxproj
		SccProjectName7 = In-Class\u0020Project\u00207
		SccLocalPath7 = In-Class\u0020Project\u00207
		SccProjectUniqueName8 = In-Class\u0020Project\u00208\\In-Class\u0020Project\u00208.vcxproj
		SccProjectName8 = In-Class\u0020Project\u00208
		SccLocalPath8 = In-Class\u0020Project\u00208
	EndGlobalSection
EndGlobal
